{
  "version": "5",
  "specifiers": {
    "npm:@supabase/supabase-js@2.100.0": "2.100.0",
    "npm:nodemailer@6.10.1": "6.10.1"
  },
  "npm": {
    "@supabase/auth-js@2.100.0": {
      "integrity": "sha512-pdT3ye3UVRN1Cg0wom6BmyY+XTtp5DiJaYnPi6j8ht5i8Lq8kfqxJMJz9GI9YDKk3w1nhGOPnh6Qz5qpyYm+1w==",
      "dependencies": [
        "tslib"
      ]
    },
    "@supabase/functions-js@2.100.0": {
      "integrity": "sha512-keLg79RPwP+uiwHuxFPTFgDRxPV46LM4j/swjyR2GKJgWniTVSsgiBHfbIBDcrQwehLepy09b/9QSHUywtKRWQ==",
      "dependencies": [
        "tslib"
      ]
    },
    "@supabase/phoenix@0.4.2": {
      "integrity": "sha512-YSAGnmDAfuleFCVt3CeurQZAhxRfXWeZIIkwp7NhYzQ1UwW6ePSnzsFAiUm/mbCkfoCf70QQHKW/K6RKh52a4A=="
    },
    "@supabase/postgrest-js@2.100.0": {
      "integrity": "sha512-xYNvNbBJaXOGcrZ44wxwp5830uo1okMHGS8h8dm3u4f0xcZ39yzbryUsubTJW41MG2gbL/6U57cA4Pi6YMZ9pA==",
      "dependencies": [
        "tslib"
      ]
    },
    "@supabase/realtime-js@2.100.0": {
      "integrity": "sha512-2AZs00zzEF0HuCKY8grz5eCYlwEfVi5HONLZFoNR6aDfxQivl8zdQYNjyFoqN2MZiVhQHD7u6XV/xHwM8mCEHw==",
      "dependencies": [
        "@supabase/phoenix",
        "@types/ws",
        "tslib",
        "ws"
      ]
    },
    "@supabase/storage-js@2.100.0": {
      "integrity": "sha512-d4EeuK6RNIgYNA2MU9kj8lQrLm5AzZ+WwpWjGkii6SADQNIGTC/uiaTRu02XJ5AmFALQfo8fLl9xuCkO6Xw+iQ==",
      "dependencies": [
        "iceberg-js",
        "tslib"
      ]
    },
    "@supabase/supabase-js@2.100.0": {
      "integrity": "sha512-r0tlcukejJXJ1m/2eG/Ya5eYs4W8AC7oZfShpG3+SIo/eIU9uIt76ZeYI1SoUwUmcmzlAbgch+HDZDR/toVQPQ==",
      "dependencies": [
        "@supabase/auth-js",
        "@supabase/functions-js",
        "@supabase/postgrest-js",
        "@supabase/realtime-js",
        "@supabase/storage-js"
      ]
    },
    "@types/node@25.9.3": {
      "integrity": "sha512-603BddQMv3pUcr4U2dhujk83N2tTDVr/34wII2B6bJy6g+8WD6yUb11jszNs0gdi4PesVWl7ABt8nYMVpnLUcg==",
      "dependencies": [
        "undici-types"
      ]
    },
    "@types/ws@8.18.1": {
      "integrity": "sha512-ThVF6DCVhA8kUGy+aazFQ4kXQ7E1Ty7A3ypFOe0IcJV8O/M511G99AW24irKrW56Wt44yG9+ij8FaqoBGkuBXg==",
      "dependencies": [
        "@types/node"
      ]
    },
    "iceberg-js@0.8.1": {
      "integrity": "sha512-1dhVQZXhcHje7798IVM+xoo/1ZdVfzOMIc8/rgVSijRK38EDqOJoGula9N/8ZI5RD8QTxNQtK/Gozpr+qUqRRA=="
    },
    "nodemailer@6.10.1": {
      "integrity": "sha512-Z+iLaBGVaSjbIzQ4pX6XV41HrooLsQ10ZWPUehGmuantvzWoDVBnmsdUcOIDM1t+yPor5pDhVlDESgOMEGxhHA=="
    },
    "tslib@2.8.1": {
      "integrity": "sha512-oJFu94HQb+KVduSUQL7wnpmqnfmLsOA/nAh6b6EH0wCEoK0/mPeXU6c3wKDV83MkOuHPRHtSXKKU99IBazS/2w=="
    },
    "undici-types@7.24.6": {
      "integrity": "sha512-WRNW+sJgj5OBN4/0JpHFqtqzhpbnV0GuB+OozA9gCL7a993SmU+1JBZCzLNxYsbMfIeDL+lTsphD5jN5N+n0zg=="
    },
    "ws@8.21.0": {
      "integrity": "sha512-Vsp28b7DRcimFQvrqu2Wek3z1iYxDCWqHYB8Qsnk/S4RfaCQzPGPyBNuVjJV3cd6UiKtUtp6sNM77gWvzcCH+g=="
    }
  },
  "workspace": {
    "dependencies": [
      "npm:@supabase/supabase-js@2.100.0",
      "npm:nodemailer@6.10.1"
    ]
  }
}
